
Microsoft Visual Studio Solution File, Format Version 12.00
# Visual Studio Version 17
VisualStudioVersion = 17.3.32901.215
MinimumVisualStudioVersion = 10.0.40219.1
Project("{9A19103F-16F7-4668-BE54-9A1E7A4F7556}") = "Kruchinin 28092022", "Kruchinin 28092022.csproj", "{96AF1246-FDC4-416E-BC26-F3B12CFDA35F}"
EndProject
Global
	GlobalSection(SolutionConfigurationPlatforms) = preSolution
		Debug|Any CPU = Debug|Any CPU
		Release|Any CPU = Release|Any CPU
	EndGlobalSection
	GlobalSection(ProjectConfigurationPlatforms) = postSolution
		{96AF1246-FDC4-416E-BC26-F3B12CFDA35F}.Debug|Any CPU.ActiveCfg = Debug|Any CPU
		{96AF1246-FDC4-416E-BC26-F3B12CFDA35F}.Debug|Any CPU.Build.0 = Debug|Any CPU
		{96AF1246-FDC4-416E-BC26-F3B12CFDA35F}.Release|Any CPU.ActiveCfg = Release|Any CPU
		{96AF1246-FDC4-416E-BC26-F3B12CFDA35F}.Release|Any CPU.Build.0 = Release|Any CPU
	EndGlobalSection
	GlobalSection(SolutionProperties) = preSolution
		HideSolutionNode = FALSE
	EndGlobalSection
	GlobalSection(ExtensibilityGlobals) = postSolution
		SolutionGuid = {5D5D1BFB-D626-4518-8D4C-72F7DD1F3938}
	EndGlobalSection
EndGlobal
